hash: c1a952c8537d05c73b23b99a61dabebf5273e612f3ca3eb5ed995e0c0973c82a
updated: 2018-12-05T18:06:08.338954-05:00
imports:
- name: github.com/globalsign/mgo
  version: 113d3961e7311526535a1ef7042196563d442761
- name: github.com/heroku/rollrus
  version: d20e35b8f9139110607856dfedda27df7b598c08
- name: github.com/jmoiron/sqlx
  version: cac998c4f0959c19c638c523e374fa8e4e0bcfe3
  subpackages:
  - reflectx
- name: github.com/lib/pq
  version: ee1442bda7bd1b6a84e913bdb421cb1874ec629d
  subpackages:
  - oid
- name: github.com/orcaman/concurrent-map
  version: cafb9879460a25a99fb372b86aa5ca94a9ac8ce1
- name: github.com/paulbellamy/ratecounter
  version: 348ad3bf08f04afb2b4f645a6587c9372c06a684
- name: github.com/pkg/errors
  version: bfd5150e4e41705ded2129ec33379de1cb90b513
- name: github.com/rwynn/gtm
  version: 22eec696103260d143b92a08ef06b45173c072a2
- name: github.com/serialx/hashring
  version: 8d1c83b82963c5644493764c3b589c8bfff8090b
- name: github.com/Sirupsen/logrus
  version: f3cfb454f4c209e6668c95216c4744b8fddb2356
- name: github.com/stvp/roll
  version: ca202b60b2601abe3e2e6a948a12b1b856badf6c
- name: github.com/thejerf/suture
  version: fe1c0d795ff7a7e54fc54ef6afb36ee0adf0c276
- name: github.com/tidwall/gjson
  version: 081192fa2e471ddff3ec98a3cc04fecfd031ed57
- name: github.com/tidwall/match
  version: 1731857f09b1f38450e2c12409748407822dc6be
- name: golang.org/x/sys
  version: d75a52659825e75fff6158388dddc6a5b04f9ba5
  subpackages:
  - unix
- name: gopkg.in/check.v1
  version: 20d25e2804050c1cd24a7eea1e7a6447dd0e74ec
- name: gopkg.in/yaml.v2
  version: a5b47d31c556af34a302ce5d659e6fea44d90de0
testImports: []
