github.com/Sirupsen/logrus v0.10.1-0.20160601113210-f3cfb454f4c2 h1:3BYvDlSNPyoYk6lr17s9IueNAabOBur3f3uVULjbhTA=
github.com/Sirupsen/logrus v0.10.1-0.20160601113210-f3cfb454f4c2/go.mod h1:rmk17hk6i8ZSAJkSDa7nOxamrG+SP4P0mm+DAvExv4U=
github.com/heroku/rollrus v0.0.0-20160824233412-d20e35b8f913 h1:++PD3rZfQDOLZJOcsx7ZPbb+u48cIShBg6qXQzzaWSA=
github.com/heroku/rollrus v0.0.0-20160824233412-d20e35b8f913/go.mod h1:BT+PgT529opmb6mcUY+Fg0IwVRRmwqFyavEMU17GnBg=
github.com/jmoiron/sqlx v0.0.0-20161209024531-cac998c4f095 h1:6uwZHp3lyVH2mZxH/NLFbfBmbra2a2VDMSN2sp5NgGc=
github.com/jmoiron/sqlx v0.0.0-20161209024531-cac998c4f095/go.mod h1:IiEW3SEiiErVyFdH8NTuWjSifiEQKUoyK3LNqr2kCHU=
github.com/lib/pq v0.0.0-20160511035104-ee1442bda7bd h1:4boQFkBA2FViSz6B5dPK4yt+Ur9UKHvjtpoI4CrkrlM=
github.com/lib/pq v0.0.0-20160511035104-ee1442bda7bd/go.mod h1:5WUZQaWbwv1U+lTReE5YruASi9Al49XbQIvNi/34Woo=
github.com/orcaman/concurrent-map v0.0.0-20161205115927-cafb9879460a h1:8e7l2MMjamkluk1iCXKb2yPsstj1JcB1kENqiQnfaa8=
github.com/orcaman/concurrent-map v0.0.0-20161205115927-cafb9879460a/go.mod h1:Lu3tH6HLW3feq74c2GC+jIMS/K2CFcDWnWD9XkenwhI=
github.com/paulbellamy/ratecounter v0.1.1-0.20170206102657-348ad3bf08f0 h1:GXOaYcuObbI7QSQeS0UlLjDWBGaNpB3/bAKHoL/VX6s=
github.com/paulbellamy/ratecounter v0.1.1-0.20170206102657-348ad3bf08f0/go.mod h1:Hfx1hDpSGoqxkVVpBi/IlYD7kChlfo5C6hzIHwPqfFE=
github.com/pkg/errors v0.8.1-0.20170227220037-bfd5150e4e41 h1:wkVNpTThLSDUAGkTWb2bywAaMxLFrM/Zh1FTsbDylGA=
github.com/pkg/errors v0.8.1-0.20170227220037-bfd5150e4e41/go.mod h1:bwawxfHBFNV+L2hUp1rHADufV3IMtnDRdf1r5NINEl0=
github.com/rwynn/gtm v0.0.0-20170315180800-22eec6961032 h1:MR0QJW32lIcEYNMK5jOFOJ88CU8tQdl7lQZ2CVpCAp0=
github.com/rwynn/gtm v0.0.0-20170315180800-22eec6961032/go.mod h1:LYXeTMjbA7l9k9oEM+NUBuu0BgvNrD5nQuo8seLsar0=
github.com/serialx/hashring v0.0.0-20161115152012-8d1c83b82963 h1:MKdta9JJrO3SvBErqOGh2m05/+RUSjoM8Z106GlfIVM=
github.com/serialx/hashring v0.0.0-20161115152012-8d1c83b82963/go.mod h1:/yeG0My1xr/u+HZrFQ1tOQQQQrOawfyMUH13ai5brBc=
github.com/stvp/roll v0.0.0-20170116223130-ca202b60b260 h1:kE8rpBNGaiYM3LN/5Xh3OMPoc87eHzMeQ7Hh7iB6NJE=
github.com/stvp/roll v0.0.0-20170116223130-ca202b60b260/go.mod h1:Ffmqrj3nXIMIjeA4uW3Qjj0Ud9eDoTG0fu4JxyAr/tE=
github.com/thejerf/suture v2.0.0+incompatible h1:DkVN8UweV9td/cBMFtFMDVrcE3JJxqCb9BlE8tgnh+8=
github.com/thejerf/suture v2.0.0+incompatible/go.mod h1:ibKwrVj+Uzf3XZdAiNWUouPaAbSoemxOHLmJmwheEMc=
github.com/tidwall/gjson v0.0.0-20170526023918-c784c417818f h1:GjObbyNgWfIZWp9rpmvywhKg/n3JityOBny7GaqFzlg=
github.com/tidwall/gjson v0.0.0-20170526023918-c784c417818f/go.mod h1:c/nTNbUr0E0OrXEhq1pwa8iEgc2DOt4ZZqAt1HtCkPA=
github.com/tidwall/match v1.0.1 h1:PnKP62LPNxHKTwvHHZZzdOAOCtsJTjo6dZLCwpKm5xc=
github.com/tidwall/match v1.0.1/go.mod h1:LujAq0jyVjBy028G1WhWfIzbpQfMO8bBZ6Tyb0+pL9E=
golang.org/x/sys v0.0.0-20161214190518-d75a52659825/go.mod h1:STP8DvDyc/dI5b8T5hshtkjS+E42TnysNCUPdjciGhY=
gopkg.in/check.v1 v1.0.0-20161208181325-20d25e280405/go.mod h1:Co6ibVJAznAaIkqp8huTwlJQCZ016jof/cbN4VW5Yz0=
gopkg.in/mgo.v2 v2.0.0-20160818020120-3f83fa500528 h1:/saqWwm73dLmuzbNhe92F0QsZ/KiFND+esHco2v1hiY=
gopkg.in/mgo.v2 v2.0.0-20160818020120-3f83fa500528/go.mod h1:yeKp02qBN3iKW1OzL3MGk2IdtZzaj7SFntXj72NppTA=
gopkg.in/yaml.v2 v2.0.0-20160928153709-a5b47d31c556/go.mod h1:JAlM8MvJe8wmxCU4Bli9HhUf9+ttbYbLASfIpnQbh74=
